
Microsoft Visual Studio Solution File, Format Version 12.00
# Visual Studio Version 17
VisualStudioVersion = 17.7.34031.279
MinimumVisualStudioVersion = 10.0.40219.1
Project("{9A19103F-16F7-4668-BE54-9A1E7A4F7556}") = "Domain", "src\Domain\Domain.csproj", "{4FDB3070-42A2-4613-9BE7-E5DAECB0CFDC}"
EndProject
Project("{2150E333-8FDC-42A3-9474-1A3956D46DE8}") = "src", "src", "{1B63E591-788B-4495-A05B-4221FD121F5D}"
EndProject
Project("{2150E333-8FDC-42A3-9474-1A3956D46DE8}") = "Solution Items", "Solution Items", "{EE2D8FB9-509A-4577-8A50-510D30C1B921}"
EndProject
Project("{FAE04EC0-301F-11D3-BF4B-00C04F79EFBC}") = "Application", "Application\Application.csproj", "{0AC83D49-28C2-4B65-8126-4E34041E28D5}"
EndProject
Project("{FAE04EC0-301F-11D3-BF4B-00C04F79EFBC}") = "Infrastructure", "Infrastructure\Infrastructure.csproj", "{F3FB2FF0-A675-4B18-8983-9031C03A73FB}"
EndProject
Project("{FAE04EC0-301F-11D3-BF4B-00C04F79EFBC}") = "Presentation", "Presentation\Presentation.csproj", "{239FB43E-56F5-4998-B286-FC4A5BDA00B7}"
EndProject
Project("{FAE04EC0-301F-11D3-BF4B-00C04F79EFBC}") = "WebApi", "WebApi\WebApi.csproj", "{FD1D8B2A-EB8A-4397-A7AB-EED4689B8CCD}"
EndProject
Global
	GlobalSection(SolutionConfigurationPlatforms) = preSolution
		Debug|Any CPU = Debug|Any CPU
		Release|Any CPU = Release|Any CPU
	EndGlobalSection
	GlobalSection(ProjectConfigurationPlatforms) = postSolution
		{4FDB3070-42A2-4613-9BE7-E5DAECB0CFDC}.Debug|Any CPU.ActiveCfg = Debug|Any CPU
		{4FDB3070-42A2-4613-9BE7-E5DAECB0CFDC}.Debug|Any CPU.Build.0 = Debug|Any CPU
		{4FDB3070-42A2-4613-9BE7-E5DAECB0CFDC}.Release|Any CPU.ActiveCfg = Release|Any CPU
		{4FDB3070-42A2-4613-9BE7-E5DAECB0CFDC}.Release|Any CPU.Build.0 = Release|Any CPU
		{0AC83D49-28C2-4B65-8126-4E34041E28D5}.Debug|Any CPU.ActiveCfg = Debug|Any CPU
		{0AC83D49-28C2-4B65-8126-4E34041E28D5}.Debug|Any CPU.Build.0 = Debug|Any CPU
		{0AC83D49-28C2-4B65-8126-4E34041E28D5}.Release|Any CPU.ActiveCfg = Release|Any CPU
		{0AC83D49-28C2-4B65-8126-4E34041E28D5}.Release|Any CPU.Build.0 = Release|Any CPU
		{F3FB2FF0-A675-4B18-8983-9031C03A73FB}.Debug|Any CPU.ActiveCfg = Debug|Any CPU
		{F3FB2FF0-A675-4B18-8983-9031C03A73FB}.Debug|Any CPU.Build.0 = Debug|Any CPU
		{F3FB2FF0-A675-4B18-8983-9031C03A73FB}.Release|Any CPU.ActiveCfg = Release|Any CPU
		{F3FB2FF0-A675-4B18-8983-9031C03A73FB}.Release|Any CPU.Build.0 = Release|Any CPU
		{239FB43E-56F5-4998-B286-FC4A5BDA00B7}.Debug|Any CPU.ActiveCfg = Debug|Any CPU
		{239FB43E-56F5-4998-B286-FC4A5BDA00B7}.Debug|Any CPU.Build.0 = Debug|Any CPU
		{239FB43E-56F5-4998-B286-FC4A5BDA00B7}.Release|Any CPU.ActiveCfg = Release|Any CPU
		{239FB43E-56F5-4998-B286-FC4A5BDA00B7}.Release|Any CPU.Build.0 = Release|Any CPU
		{FD1D8B2A-EB8A-4397-A7AB-EED4689B8CCD}.Debug|Any CPU.ActiveCfg = Debug|Any CPU
		{FD1D8B2A-EB8A-4397-A7AB-EED4689B8CCD}.Debug|Any CPU.Build.0 = Debug|Any CPU
		{FD1D8B2A-EB8A-4397-A7AB-EED4689B8CCD}.Release|Any CPU.ActiveCfg = Release|Any CPU
		{FD1D8B2A-EB8A-4397-A7AB-EED4689B8CCD}.Release|Any CPU.Build.0 = Release|Any CPU
	EndGlobalSection
	GlobalSection(SolutionProperties) = preSolution
		HideSolutionNode = FALSE
	EndGlobalSection
	GlobalSection(NestedProjects) = preSolution
		{4FDB3070-42A2-4613-9BE7-E5DAECB0CFDC} = {1B63E591-788B-4495-A05B-4221FD121F5D}
		{0AC83D49-28C2-4B65-8126-4E34041E28D5} = {1B63E591-788B-4495-A05B-4221FD121F5D}
		{F3FB2FF0-A675-4B18-8983-9031C03A73FB} = {1B63E591-788B-4495-A05B-4221FD121F5D}
		{239FB43E-56F5-4998-B286-FC4A5BDA00B7} = {1B63E591-788B-4495-A05B-4221FD121F5D}
		{FD1D8B2A-EB8A-4397-A7AB-EED4689B8CCD} = {1B63E591-788B-4495-A05B-4221FD121F5D}
	EndGlobalSection
	GlobalSection(ExtensibilityGlobals) = postSolution
		SolutionGuid = {B7C129DD-C40E-4F63-9E82-1D36FD542AB8}
	EndGlobalSection
EndGlobal
